
Microsoft Visual Studio Solution File, Format Version 12.00
# Visual Studio 14
VisualStudioVersion = 14.0.25420.1
MinimumVisualStudioVersion = 10.0.40219.1
Project("{FAE04EC0-301F-11D3-BF4B-00C04F79EFBC}") = "ClassLibrary1", "ClassLibrary1\ClassLibrary1.csproj", "{F6E847B0-E841-4856-9B07-B83578AEF717}"
EndProject
Project("{FAE04EC0-301F-11D3-BF4B-00C04F79EFBC}") = "ConsoleApplication1", "ConsoleApplication1\ConsoleApplication1.csproj", "{43C3047B-01DF-4AFD-86AF-2E9AC46BDED1}"
EndProject
Project("{FAE04EC0-301F-11D3-BF4B-00C04F79EFBC}") = "AO.LPR.Reports", "AO.LPR.Reports\AO.LPR.Reports.csproj", "{6CBD32AF-3943-41FD-A762-9D29063E6B75}"
EndProject
Global
	GlobalSection(SolutionConfigurationPlatforms) = preSolution
		Debug|Any CPU = Debug|Any CPU
		Release|Any CPU = Release|Any CPU
	EndGlobalSection
	GlobalSection(ProjectConfigurationPlatforms) = postSolution
		{F6E847B0-E841-4856-9B07-B83578AEF717}.Debug|Any CPU.ActiveCfg = Debug|Any CPU
		{F6E847B0-E841-4856-9B07-B83578AEF717}.Debug|Any CPU.Build.0 = Debug|Any CPU
		{F6E847B0-E841-4856-9B07-B83578AEF717}.Release|Any CPU.ActiveCfg = Release|Any CPU
		{F6E847B0-E841-4856-9B07-B83578AEF717}.Release|Any CPU.Build.0 = Release|Any CPU
		{43C3047B-01DF-4AFD-86AF-2E9AC46BDED1}.Debug|Any CPU.ActiveCfg = Debug|Any CPU
		{43C3047B-01DF-4AFD-86AF-2E9AC46BDED1}.Debug|Any CPU.Build.0 = Debug|Any CPU
		{43C3047B-01DF-4AFD-86AF-2E9AC46BDED1}.Release|Any CPU.ActiveCfg = Release|Any CPU
		{43C3047B-01DF-4AFD-86AF-2E9AC46BDED1}.Release|Any CPU.Build.0 = Release|Any CPU
		{6CBD32AF-3943-41FD-A762-9D29063E6B75}.Debug|Any CPU.ActiveCfg = Debug|Any CPU
		{6CBD32AF-3943-41FD-A762-9D29063E6B75}.Debug|Any CPU.Build.0 = Debug|Any CPU
		{6CBD32AF-3943-41FD-A762-9D29063E6B75}.Release|Any CPU.ActiveCfg = Release|Any CPU
		{6CBD32AF-3943-41FD-A762-9D29063E6B75}.Release|Any CPU.Build.0 = Release|Any CPU
	EndGlobalSection
	GlobalSection(SolutionProperties) = preSolution
		HideSolutionNode = FALSE
	EndGlobalSection
EndGlobal
